
Microsoft Visual Studio Solution File, Format Version 12.00
# Visual Studio Version 17
VisualStudioVersion = 17.13.35806.99 d17.13
MinimumVisualStudioVersion = 10.0.40219.1
Project("{FAE04EC0-301F-11D3-BF4B-00C04F79EFBC}") = "ConsoleApp1", "ConsoleApp1\ConsoleApp1.csproj", "{016EF104-A7E4-4FCE-AFB3-01959DBD493C}"
EndProject
Global
	GlobalSection(SolutionConfigurationPlatforms) = preSolution
		Debug|Any CPU = Debug|Any CPU
		Release|Any CPU = Release|Any CPU
	EndGlobalSection
	GlobalSection(ProjectConfigurationPlatforms) = postSolution
		{016EF104-A7E4-4FCE-AFB3-01959DBD493C}.Debug|Any CPU.ActiveCfg = Debug|Any CPU
		{016EF104-A7E4-4FCE-AFB3-01959DBD493C}.Debug|Any CPU.Build.0 = Debug|Any CPU
		{016EF104-A7E4-4FCE-AFB3-01959DBD493C}.Release|Any CPU.ActiveCfg = Release|Any CPU
		{016EF104-A7E4-4FCE-AFB3-01959DBD493C}.Release|Any CPU.Build.0 = Release|Any CPU
	EndGlobalSection
	GlobalSection(SolutionProperties) = preSolution
		HideSolutionNode = FALSE
	EndGlobalSection
	GlobalSection(ExtensibilityGlobals) = postSolution
		SolutionGuid = {B7790FEE-A971-449F-8836-750C43E245C6}
	EndGlobalSection
EndGlobal
